
Microsoft Visual Studio Solution File, Format Version 12.00
# Visual Studio Version 16
VisualStudioVersion = 16.0.32106.194
MinimumVisualStudioVersion = 10.0.40219.1
Project("{9A19103F-16F7-4668-BE54-9A1E7A4F7556}") = "MoneyApp", "MoneyApp.csproj", "{9E1DD60E-C614-48F9-9EFB-6722E7A0C59F}"
EndProject
Project("{FAE04EC0-301F-11D3-BF4B-00C04F79EFBC}") = "Domain", "..\Domain\Domain.csproj", "{610C185C-952E-45CF-9AA9-6867680F2D88}"
EndProject
Project("{FAE04EC0-301F-11D3-BF4B-00C04F79EFBC}") = "Application", "..\Application\Application.csproj", "{32357721-2980-4B28-B18A-D6BED6002F78}"
EndProject
Project("{FAE04EC0-301F-11D3-BF4B-00C04F79EFBC}") = "Implementation", "..\Implementation\Implementation.csproj", "{C2267123-5DB9-4936-97AE-34C28E6268F2}"
EndProject
Project("{FAE04EC0-301F-11D3-BF4B-00C04F79EFBC}") = "DataAccess", "..\DataAccess\DataAccess.csproj", "{0C0C7AAB-4BC7-4231-8481-B5829D25C9CB}"
EndProject
Global
	GlobalSection(SolutionConfigurationPlatforms) = preSolution
		Debug|Any CPU = Debug|Any CPU
		Release|Any CPU = Release|Any CPU
	EndGlobalSection
	GlobalSection(ProjectConfigurationPlatforms) = postSolution
		{9E1DD60E-C614-48F9-9EFB-6722E7A0C59F}.Debug|Any CPU.ActiveCfg = Debug|Any CPU
		{9E1DD60E-C614-48F9-9EFB-6722E7A0C59F}.Debug|Any CPU.Build.0 = Debug|Any CPU
		{9E1DD60E-C614-48F9-9EFB-6722E7A0C59F}.Release|Any CPU.ActiveCfg = Release|Any CPU
		{9E1DD60E-C614-48F9-9EFB-6722E7A0C59F}.Release|Any CPU.Build.0 = Release|Any CPU
		{610C185C-952E-45CF-9AA9-6867680F2D88}.Debug|Any CPU.ActiveCfg = Debug|Any CPU
		{610C185C-952E-45CF-9AA9-6867680F2D88}.Debug|Any CPU.Build.0 = Debug|Any CPU
		{610C185C-952E-45CF-9AA9-6867680F2D88}.Release|Any CPU.ActiveCfg = Release|Any CPU
		{610C185C-952E-45CF-9AA9-6867680F2D88}.Release|Any CPU.Build.0 = Release|Any CPU
		{32357721-2980-4B28-B18A-D6BED6002F78}.Debug|Any CPU.ActiveCfg = Debug|Any CPU
		{32357721-2980-4B28-B18A-D6BED6002F78}.Debug|Any CPU.Build.0 = Debug|Any CPU
		{32357721-2980-4B28-B18A-D6BED6002F78}.Release|Any CPU.ActiveCfg = Release|Any CPU
		{32357721-2980-4B28-B18A-D6BED6002F78}.Release|Any CPU.Build.0 = Release|Any CPU
		{C2267123-5DB9-4936-97AE-34C28E6268F2}.Debug|Any CPU.ActiveCfg = Debug|Any CPU
		{C2267123-5DB9-4936-97AE-34C28E6268F2}.Debug|Any CPU.Build.0 = Debug|Any CPU
		{C2267123-5DB9-4936-97AE-34C28E6268F2}.Release|Any CPU.ActiveCfg = Release|Any CPU
		{C2267123-5DB9-4936-97AE-34C28E6268F2}.Release|Any CPU.Build.0 = Release|Any CPU
		{0C0C7AAB-4BC7-4231-8481-B5829D25C9CB}.Debug|Any CPU.ActiveCfg = Debug|Any CPU
		{0C0C7AAB-4BC7-4231-8481-B5829D25C9CB}.Debug|Any CPU.Build.0 = Debug|Any CPU
		{0C0C7AAB-4BC7-4231-8481-B5829D25C9CB}.Release|Any CPU.ActiveCfg = Release|Any CPU
		{0C0C7AAB-4BC7-4231-8481-B5829D25C9CB}.Release|Any CPU.Build.0 = Release|Any CPU
	EndGlobalSection
	GlobalSection(SolutionProperties) = preSolution
		HideSolutionNode = FALSE
	EndGlobalSection
	GlobalSection(ExtensibilityGlobals) = postSolution
		SolutionGuid = {8B9A5BF2-E15C-4DB3-A93E-836A8CFE42D6}
	EndGlobalSection
EndGlobal
